
Microsoft Visual Studio Solution File, Format Version 12.00
# Visual Studio 15
VisualStudioVersion = 15.0.27130.2010
MinimumVisualStudioVersion = 10.0.40219.1
Project("{E24C65DC-7377-472B-9ABA-BC803B73C61A}") = "sil-1", ".", "{31F444D6-B682-4774-B864-F426A4C8EFA5}"
	ProjectSection(WebsiteProperties) = preProject
		TargetFrameworkMoniker = ".NETFramework,Version%3Dv4.6.1"
		Debug.AspNetCompiler.VirtualPath = "/localhost_19218"
		Debug.AspNetCompiler.PhysicalPath = "..\sil-1\"
		Debug.AspNetCompiler.TargetPath = "PrecompiledWeb\localhost_19218\"
		Debug.AspNetCompiler.Updateable = "true"
		Debug.AspNetCompiler.ForceOverwrite = "true"
		Debug.AspNetCompiler.FixedNames = "false"
		Debug.AspNetCompiler.Debug = "True"
		Release.AspNetCompiler.VirtualPath = "/localhost_19218"
		Release.AspNetCompiler.PhysicalPath = "..\sil-1\"
		Release.AspNetCompiler.TargetPath = "PrecompiledWeb\localhost_19218\"
		Release.AspNetCompiler.Updateable = "true"
		Release.AspNetCompiler.ForceOverwrite = "true"
		Release.AspNetCompiler.FixedNames = "false"
		Release.AspNetCompiler.Debug = "False"
		VWDPort = "19218"
		SlnRelativePath = "..\sil-1\"
	EndProjectSection
EndProject
Global
	GlobalSection(SolutionConfigurationPlatforms) = preSolution
		Debug|Any CPU = Debug|Any CPU
	EndGlobalSection
	GlobalSection(ProjectConfigurationPlatforms) = postSolution
		{31F444D6-B682-4774-B864-F426A4C8EFA5}.Debug|Any CPU.ActiveCfg = Debug|Any CPU
		{31F444D6-B682-4774-B864-F426A4C8EFA5}.Debug|Any CPU.Build.0 = Debug|Any CPU
	EndGlobalSection
	GlobalSection(SolutionProperties) = preSolution
		HideSolutionNode = FALSE
	EndGlobalSection
	GlobalSection(ExtensibilityGlobals) = postSolution
		SolutionGuid = {3F4DC29D-2B8E-4723-A0AA-BBC612DB13A8}
	EndGlobalSection
EndGlobal
